
Microsoft Visual Studio Solution File, Format Version 12.00
# Visual Studio Version 17
VisualStudioVersion = 17.2.32802.462
MinimumVisualStudioVersion = 10.0.40219.1
Project("{9A19103F-16F7-4668-BE54-9A1E7A4F7556}") = "T0KW0U_10HET", "T0KW0U_10HET\T0KW0U_10HET.csproj", "{2A496C05-E0A6-4D10-A5FD-8D34F3DDFE6C}"
EndProject
Project("{9A19103F-16F7-4668-BE54-9A1E7A4F7556}") = "T0KW0U_11HET", "T0KW0U_11HET\T0KW0U_11HET.csproj", "{C38315C7-86EB-406C-AFA1-863720FD78F2}"
EndProject
Project("{FAE04EC0-301F-11D3-BF4B-00C04F79EFBC}") = "T0KW0U_12GYAK", "T0KW0U_12GYAK\T0KW0U_12GYAK.csproj", "{43E452D2-80D4-4E4C-AE30-A539A8C45FF9}"
EndProject
Global
	GlobalSection(SolutionConfigurationPlatforms) = preSolution
		Debug|Any CPU = Debug|Any CPU
		Release|Any CPU = Release|Any CPU
	EndGlobalSection
	GlobalSection(ProjectConfigurationPlatforms) = postSolution
		{2A496C05-E0A6-4D10-A5FD-8D34F3DDFE6C}.Debug|Any CPU.ActiveCfg = Debug|Any CPU
		{2A496C05-E0A6-4D10-A5FD-8D34F3DDFE6C}.Debug|Any CPU.Build.0 = Debug|Any CPU
		{2A496C05-E0A6-4D10-A5FD-8D34F3DDFE6C}.Release|Any CPU.ActiveCfg = Release|Any CPU
		{2A496C05-E0A6-4D10-A5FD-8D34F3DDFE6C}.Release|Any CPU.Build.0 = Release|Any CPU
		{C38315C7-86EB-406C-AFA1-863720FD78F2}.Debug|Any CPU.ActiveCfg = Debug|Any CPU
		{C38315C7-86EB-406C-AFA1-863720FD78F2}.Debug|Any CPU.Build.0 = Debug|Any CPU
		{C38315C7-86EB-406C-AFA1-863720FD78F2}.Release|Any CPU.ActiveCfg = Release|Any CPU
		{C38315C7-86EB-406C-AFA1-863720FD78F2}.Release|Any CPU.Build.0 = Release|Any CPU
		{43E452D2-80D4-4E4C-AE30-A539A8C45FF9}.Debug|Any CPU.ActiveCfg = Debug|Any CPU
		{43E452D2-80D4-4E4C-AE30-A539A8C45FF9}.Debug|Any CPU.Build.0 = Debug|Any CPU
		{43E452D2-80D4-4E4C-AE30-A539A8C45FF9}.Release|Any CPU.ActiveCfg = Release|Any CPU
		{43E452D2-80D4-4E4C-AE30-A539A8C45FF9}.Release|Any CPU.Build.0 = Release|Any CPU
	EndGlobalSection
	GlobalSection(SolutionProperties) = preSolution
		HideSolutionNode = FALSE
	EndGlobalSection
	GlobalSection(ExtensibilityGlobals) = postSolution
		SolutionGuid = {7B29F2E6-13A5-4912-BBE1-7C6B3D654C64}
	EndGlobalSection
EndGlobal
